
Microsoft Visual Studio Solution File, Format Version 12.00
# Visual Studio 2013
VisualStudioVersion = 12.0.21005.1
MinimumVisualStudioVersion = 10.0.40219.1
Project("{FAE04EC0-301F-11D3-BF4B-00C04F79EFBC}") = "Practice.DevMode.WebAPI", "Practice.DevMode.WebAPI\Practice.DevMode.WebAPI.csproj", "{FF84D8B2-D323-40F6-B0C6-125BF4AE12E3}"
EndProject
Project("{FAE04EC0-301F-11D3-BF4B-00C04F79EFBC}") = "Practice.DevMode.Web", "Practice.DevMode.Web\Practice.DevMode.Web.csproj", "{16CE5D4C-9089-421B-B94E-A1A5B239C466}"
EndProject
Global
	GlobalSection(SolutionConfigurationPlatforms) = preSolution
		Debug|Any CPU = Debug|Any CPU
		Release|Any CPU = Release|Any CPU
	EndGlobalSection
	GlobalSection(ProjectConfigurationPlatforms) = postSolution
		{FF84D8B2-D323-40F6-B0C6-125BF4AE12E3}.Debug|Any CPU.ActiveCfg = Debug|Any CPU
		{FF84D8B2-D323-40F6-B0C6-125BF4AE12E3}.Debug|Any CPU.Build.0 = Debug|Any CPU
		{FF84D8B2-D323-40F6-B0C6-125BF4AE12E3}.Release|Any CPU.ActiveCfg = Release|Any CPU
		{FF84D8B2-D323-40F6-B0C6-125BF4AE12E3}.Release|Any CPU.Build.0 = Release|Any CPU
		{16CE5D4C-9089-421B-B94E-A1A5B239C466}.Debug|Any CPU.ActiveCfg = Debug|Any CPU
		{16CE5D4C-9089-421B-B94E-A1A5B239C466}.Debug|Any CPU.Build.0 = Debug|Any CPU
		{16CE5D4C-9089-421B-B94E-A1A5B239C466}.Release|Any CPU.ActiveCfg = Release|Any CPU
		{16CE5D4C-9089-421B-B94E-A1A5B239C466}.Release|Any CPU.Build.0 = Release|Any CPU
	EndGlobalSection
	GlobalSection(SolutionProperties) = preSolution
		HideSolutionNode = FALSE
	EndGlobalSection
EndGlobal
