
Microsoft Visual Studio Solution File, Format Version 12.00
# Visual Studio 2013
VisualStudioVersion = 12.0.30501.0
MinimumVisualStudioVersion = 10.0.40219.1
Project("{FAE04EC0-301F-11D3-BF4B-00C04F79EFBC}") = "Zouave.Api", "Zouave.Api\Zouave.Api.csproj", "{F2A020B9-C891-4417-9884-2C1CDCAAFFA4}"
EndProject
Project("{FAE04EC0-301F-11D3-BF4B-00C04F79EFBC}") = "Zouave.Admin", "..\Zouave.Admin\Zouave.Admin.csproj", "{C65EF87A-3EDB-4135-AE66-DB893BF92240}"
EndProject
Global
	GlobalSection(SolutionConfigurationPlatforms) = preSolution
		Debug|Any CPU = Debug|Any CPU
		Release|Any CPU = Release|Any CPU
	EndGlobalSection
	GlobalSection(ProjectConfigurationPlatforms) = postSolution
		{F2A020B9-C891-4417-9884-2C1CDCAAFFA4}.Debug|Any CPU.ActiveCfg = Debug|Any CPU
		{F2A020B9-C891-4417-9884-2C1CDCAAFFA4}.Debug|Any CPU.Build.0 = Debug|Any CPU
		{F2A020B9-C891-4417-9884-2C1CDCAAFFA4}.Release|Any CPU.ActiveCfg = Release|Any CPU
		{F2A020B9-C891-4417-9884-2C1CDCAAFFA4}.Release|Any CPU.Build.0 = Release|Any CPU
		{C65EF87A-3EDB-4135-AE66-DB893BF92240}.Debug|Any CPU.ActiveCfg = Debug|Any CPU
		{C65EF87A-3EDB-4135-AE66-DB893BF92240}.Debug|Any CPU.Build.0 = Debug|Any CPU
		{C65EF87A-3EDB-4135-AE66-DB893BF92240}.Release|Any CPU.ActiveCfg = Release|Any CPU
		{C65EF87A-3EDB-4135-AE66-DB893BF92240}.Release|Any CPU.Build.0 = Release|Any CPU
	EndGlobalSection
	GlobalSection(SolutionProperties) = preSolution
		HideSolutionNode = FALSE
	EndGlobalSection
EndGlobal
