
Microsoft Visual Studio Solution File, Format Version 12.00
# Visual Studio 2013
VisualStudioVersion = 12.0.30501.0
MinimumVisualStudioVersion = 10.0.40219.1
Project("{FAE04EC0-301F-11D3-BF4B-00C04F79EFBC}") = "Practice.Mvc5", "Practice.Mvc5\Practice.Mvc5.csproj", "{C0DD02BB-EB34-4CBC-8FA0-80E1C47BBC54}"
EndProject
Project("{FAE04EC0-301F-11D3-BF4B-00C04F79EFBC}") = "Practice.EF", "Practice.EF\Practice.EF.csproj", "{6A7D28E6-D1F8-40C8-A799-F1107ABA30AE}"
EndProject
Project("{FAE04EC0-301F-11D3-BF4B-00C04F79EFBC}") = "Practice.Tools", "Practice.Tools\Practice.Tools.csproj", "{E05A47BE-99DF-4B90-B473-6E5B30B62D7D}"
EndProject
Project("{FAE04EC0-301F-11D3-BF4B-00C04F79EFBC}") = "Practice.NewLifes", "Practice.NewLifes\Practice.NewLifes.csproj", "{6F567F79-C5C8-40CE-BD6F-86F0441517DB}"
EndProject
Project("{FAE04EC0-301F-11D3-BF4B-00C04F79EFBC}") = "Practice.NewLifes.ConClient", "Practice.NewLifes.ConClient\Practice.NewLifes.ConClient.csproj", "{DC994699-7D98-41C0-84EA-38C746EB32E7}"
EndProject
Project("{FAE04EC0-301F-11D3-BF4B-00C04F79EFBC}") = "Practice.WebAPI", "Practice.WebAPI\Practice.WebAPI.csproj", "{B1381525-15DE-4AE5-89C1-E6D4A8D4D350}"
EndProject
Project("{FAE04EC0-301F-11D3-BF4B-00C04F79EFBC}") = "Practice.MyAutoFac", "Practice.MyAutoFac\Practice.MyAutoFac.csproj", "{15994458-515E-4659-8638-4434AFD54AFA}"
EndProject
Global
	GlobalSection(SolutionConfigurationPlatforms) = preSolution
		Debug|Any CPU = Debug|Any CPU
		Release|Any CPU = Release|Any CPU
	EndGlobalSection
	GlobalSection(ProjectConfigurationPlatforms) = postSolution
		{C0DD02BB-EB34-4CBC-8FA0-80E1C47BBC54}.Debug|Any CPU.ActiveCfg = Debug|Any CPU
		{C0DD02BB-EB34-4CBC-8FA0-80E1C47BBC54}.Debug|Any CPU.Build.0 = Debug|Any CPU
		{C0DD02BB-EB34-4CBC-8FA0-80E1C47BBC54}.Release|Any CPU.ActiveCfg = Release|Any CPU
		{C0DD02BB-EB34-4CBC-8FA0-80E1C47BBC54}.Release|Any CPU.Build.0 = Release|Any CPU
		{6A7D28E6-D1F8-40C8-A799-F1107ABA30AE}.Debug|Any CPU.ActiveCfg = Debug|Any CPU
		{6A7D28E6-D1F8-40C8-A799-F1107ABA30AE}.Debug|Any CPU.Build.0 = Debug|Any CPU
		{6A7D28E6-D1F8-40C8-A799-F1107ABA30AE}.Release|Any CPU.ActiveCfg = Release|Any CPU
		{6A7D28E6-D1F8-40C8-A799-F1107ABA30AE}.Release|Any CPU.Build.0 = Release|Any CPU
		{E05A47BE-99DF-4B90-B473-6E5B30B62D7D}.Debug|Any CPU.ActiveCfg = Debug|Any CPU
		{E05A47BE-99DF-4B90-B473-6E5B30B62D7D}.Debug|Any CPU.Build.0 = Debug|Any CPU
		{E05A47BE-99DF-4B90-B473-6E5B30B62D7D}.Release|Any CPU.ActiveCfg = Release|Any CPU
		{E05A47BE-99DF-4B90-B473-6E5B30B62D7D}.Release|Any CPU.Build.0 = Release|Any CPU
		{6F567F79-C5C8-40CE-BD6F-86F0441517DB}.Debug|Any CPU.ActiveCfg = Debug|Any CPU
		{6F567F79-C5C8-40CE-BD6F-86F0441517DB}.Debug|Any CPU.Build.0 = Debug|Any CPU
		{6F567F79-C5C8-40CE-BD6F-86F0441517DB}.Release|Any CPU.ActiveCfg = Release|Any CPU
		{6F567F79-C5C8-40CE-BD6F-86F0441517DB}.Release|Any CPU.Build.0 = Release|Any CPU
		{DC994699-7D98-41C0-84EA-38C746EB32E7}.Debug|Any CPU.ActiveCfg = Debug|Any CPU
		{DC994699-7D98-41C0-84EA-38C746EB32E7}.Debug|Any CPU.Build.0 = Debug|Any CPU
		{DC994699-7D98-41C0-84EA-38C746EB32E7}.Release|Any CPU.ActiveCfg = Release|Any CPU
		{DC994699-7D98-41C0-84EA-38C746EB32E7}.Release|Any CPU.Build.0 = Release|Any CPU
		{B1381525-15DE-4AE5-89C1-E6D4A8D4D350}.Debug|Any CPU.ActiveCfg = Debug|Any CPU
		{B1381525-15DE-4AE5-89C1-E6D4A8D4D350}.Debug|Any CPU.Build.0 = Debug|Any CPU
		{B1381525-15DE-4AE5-89C1-E6D4A8D4D350}.Release|Any CPU.ActiveCfg = Release|Any CPU
		{B1381525-15DE-4AE5-89C1-E6D4A8D4D350}.Release|Any CPU.Build.0 = Release|Any CPU
		{15994458-515E-4659-8638-4434AFD54AFA}.Debug|Any CPU.ActiveCfg = Debug|Any CPU
		{15994458-515E-4659-8638-4434AFD54AFA}.Debug|Any CPU.Build.0 = Debug|Any CPU
		{15994458-515E-4659-8638-4434AFD54AFA}.Release|Any CPU.ActiveCfg = Release|Any CPU
		{15994458-515E-4659-8638-4434AFD54AFA}.Release|Any CPU.Build.0 = Release|Any CPU
	EndGlobalSection
	GlobalSection(SolutionProperties) = preSolution
		HideSolutionNode = FALSE
	EndGlobalSection
EndGlobal
